
Microsoft Visual Studio Solution File, Format Version 12.00
# Visual Studio Version 17
VisualStudioVersion = 17.4.33213.308
MinimumVisualStudioVersion = 10.0.40219.1
Project("{FAE04EC0-301F-11D3-BF4B-00C04F79EFBC}") = "MVCMiniProject", "MVCMiniProject\MVCMiniProject.csproj", "{A5AC9EB5-A992-4452-AAAF-367CB9718BC0}"
EndProject
Global
	GlobalSection(SolutionConfigurationPlatforms) = preSolution
		Debug|Any CPU = Debug|Any CPU
		Release|Any CPU = Release|Any CPU
	EndGlobalSection
	GlobalSection(ProjectConfigurationPlatforms) = postSolution
		{A5AC9EB5-A992-4452-AAAF-367CB9718BC0}.Debug|Any CPU.ActiveCfg = Debug|Any CPU
		{A5AC9EB5-A992-4452-AAAF-367CB9718BC0}.Debug|Any CPU.Build.0 = Debug|Any CPU
		{A5AC9EB5-A992-4452-AAAF-367CB9718BC0}.Release|Any CPU.ActiveCfg = Release|Any CPU
		{A5AC9EB5-A992-4452-AAAF-367CB9718BC0}.Release|Any CPU.Build.0 = Release|Any CPU
	EndGlobalSection
	GlobalSection(SolutionProperties) = preSolution
		HideSolutionNode = FALSE
	EndGlobalSection
	GlobalSection(ExtensibilityGlobals) = postSolution
		SolutionGuid = {70A59BBB-91FA-4097-99D1-39108BD3641F}
	EndGlobalSection
EndGlobal
